
Microsoft Visual Studio Solution File, Format Version 12.00
# Visual Studio Version 16
VisualStudioVersion = 16.0.31313.79
MinimumVisualStudioVersion = 10.0.40219.1
Project("{8BC9CEB8-8B4A-11D0-8D11-00A0C91BC942}") = "Program10", "Program10.vcxproj", "{42B3DC37-2FBE-49D1-AF82-CA5EC5BA2A54}"
EndProject
Global
	GlobalSection(SolutionConfigurationPlatforms) = preSolution
		Debug|x64 = Debug|x64
		Debug|x86 = Debug|x86
		Release|x64 = Release|x64
		Release|x86 = Release|x86
	EndGlobalSection
	GlobalSection(ProjectConfigurationPlatforms) = postSolution
		{42B3DC37-2FBE-49D1-AF82-CA5EC5BA2A54}.Debug|x64.ActiveCfg = Debug|x64
		{42B3DC37-2FBE-49D1-AF82-CA5EC5BA2A54}.Debug|x64.Build.0 = Debug|x64
		{42B3DC37-2FBE-49D1-AF82-CA5EC5BA2A54}.Debug|x86.ActiveCfg = Debug|Win32
		{42B3DC37-2FBE-49D1-AF82-CA5EC5BA2A54}.Debug|x86.Build.0 = Debug|Win32
		{42B3DC37-2FBE-49D1-AF82-CA5EC5BA2A54}.Release|x64.ActiveCfg = Release|x64
		{42B3DC37-2FBE-49D1-AF82-CA5EC5BA2A54}.Release|x64.Build.0 = Release|x64
		{42B3DC37-2FBE-49D1-AF82-CA5EC5BA2A54}.Release|x86.ActiveCfg = Release|Win32
		{42B3DC37-2FBE-49D1-AF82-CA5EC5BA2A54}.Release|x86.Build.0 = Release|Win32
	EndGlobalSection
	GlobalSection(SolutionProperties) = preSolution
		HideSolutionNode = FALSE
	EndGlobalSection
	GlobalSection(ExtensibilityGlobals) = postSolution
		SolutionGuid = {FB752D00-CA0E-42D0-B799-A4E61037B6BE}
	EndGlobalSection
EndGlobal
